
Microsoft Visual Studio Solution File, Format Version 12.00
# Visual Studio Version 16
VisualStudioVersion = 16.0.29403.142
MinimumVisualStudioVersion = 10.0.40219.1
Project("{9A19103F-16F7-4668-BE54-9A1E7A4F7556}") = "PaymentWebApplication", "PaymentWebApplication\PaymentWebApplication.csproj", "{6A9287D4-B820-4C6C-869D-ACAB2F11C1B3}"
EndProject
Project("{FAE04EC0-301F-11D3-BF4B-00C04F79EFBC}") = "Payment.Business", "Payment.Business\Payment.Business.csproj", "{46CA7ADA-F8AE-4575-BFCA-A2935F1BEBF6}"
EndProject
Global
	GlobalSection(SolutionConfigurationPlatforms) = preSolution
		Debug|Any CPU = Debug|Any CPU
		Release|Any CPU = Release|Any CPU
	EndGlobalSection
	GlobalSection(ProjectConfigurationPlatforms) = postSolution
		{6A9287D4-B820-4C6C-869D-ACAB2F11C1B3}.Debug|Any CPU.ActiveCfg = Debug|Any CPU
		{6A9287D4-B820-4C6C-869D-ACAB2F11C1B3}.Debug|Any CPU.Build.0 = Debug|Any CPU
		{6A9287D4-B820-4C6C-869D-ACAB2F11C1B3}.Release|Any CPU.ActiveCfg = Release|Any CPU
		{6A9287D4-B820-4C6C-869D-ACAB2F11C1B3}.Release|Any CPU.Build.0 = Release|Any CPU
		{46CA7ADA-F8AE-4575-BFCA-A2935F1BEBF6}.Debug|Any CPU.ActiveCfg = Debug|Any CPU
		{46CA7ADA-F8AE-4575-BFCA-A2935F1BEBF6}.Debug|Any CPU.Build.0 = Debug|Any CPU
		{46CA7ADA-F8AE-4575-BFCA-A2935F1BEBF6}.Release|Any CPU.ActiveCfg = Release|Any CPU
		{46CA7ADA-F8AE-4575-BFCA-A2935F1BEBF6}.Release|Any CPU.Build.0 = Release|Any CPU
	EndGlobalSection
	GlobalSection(SolutionProperties) = preSolution
		HideSolutionNode = FALSE
	EndGlobalSection
	GlobalSection(ExtensibilityGlobals) = postSolution
		SolutionGuid = {89440361-5EEE-495C-BC5E-1699B8472C93}
	EndGlobalSection
EndGlobal
